{
  "name": "hello_world",
  "version": "0.0.0",
  "lockfileVersion": 2,
  "requires": true,
  "packages": {
    "": {
      "name": "hello_world",
      "version": "0.0.0",
      "dependencies": {
        "bindings": "~1.2.1"
      }
    },
    "node_modules/bindings": {
      "version": "1.2.1",
      "resolved": "https://registry.npm.taobao.org/bindings/download/bindings-1.2.1.tgz",
      "integrity": "sha1-FK1hE4EtLTfXLme0ystLtyZQXxE="
    }
  },
  "dependencies": {
    "bindings": {
      "version": "1.2.1",
      "resolved": "https://registry.npm.taobao.org/bindings/download/bindings-1.2.1.tgz",
      "integrity": "sha1-FK1hE4EtLTfXLme0ystLtyZQXxE="
    }
  }
}
